
Microsoft Visual Studio Solution File, Format Version 12.00
Project("{FAE04EC0-301F-11D3-BF4B-00C04F79EFBC}") = "medyczne", "medyczne\medyczne.csproj", "{2E372651-4DF0-4330-BE5A-7C57DD1D1E30}"
EndProject
Global
	GlobalSection(SolutionConfigurationPlatforms) = preSolution
		Debug|Any CPU = Debug|Any CPU
		Release|Any CPU = Release|Any CPU
	EndGlobalSection
	GlobalSection(ProjectConfigurationPlatforms) = postSolution
		{2E372651-4DF0-4330-BE5A-7C57DD1D1E30}.Debug|Any CPU.ActiveCfg = Debug|Any CPU
		{2E372651-4DF0-4330-BE5A-7C57DD1D1E30}.Debug|Any CPU.Build.0 = Debug|Any CPU
		{2E372651-4DF0-4330-BE5A-7C57DD1D1E30}.Release|Any CPU.ActiveCfg = Release|Any CPU
		{2E372651-4DF0-4330-BE5A-7C57DD1D1E30}.Release|Any CPU.Build.0 = Release|Any CPU
	EndGlobalSection
EndGlobal
